
Microsoft Visual Studio Solution File, Format Version 12.00
# Visual Studio 15
VisualStudioVersion = 15.0.28307.572
MinimumVisualStudioVersion = 10.0.40219.1
Project("{FAE04EC0-301F-11D3-BF4B-00C04F79EFBC}") = "Wingnut.Core", "Wingnut.Core\Wingnut.Core.csproj", "{33869593-3128-4F23-ABD9-899979B62D9E}"
EndProject
Project("{FAE04EC0-301F-11D3-BF4B-00C04F79EFBC}") = "Wingnut.Channels", "Wingnut.Channels\Wingnut.Channels.csproj", "{F1821A0D-B3E4-4515-B5E9-9EC063644BB5}"
EndProject
Project("{FAE04EC0-301F-11D3-BF4B-00C04F79EFBC}") = "Wingnut.PowerShell", "Wingnut.PowerShell\Wingnut.PowerShell.csproj", "{774D011F-38B0-4559-A03E-1CD382D718B4}"
EndProject
Project("{FAE04EC0-301F-11D3-BF4B-00C04F79EFBC}") = "Wingnut.Tracing", "Wingnut.Tracing\Wingnut.Tracing.csproj", "{91AE0118-1692-4A7C-90BF-53B27F91AA38}"
EndProject
Project("{FAE04EC0-301F-11D3-BF4B-00C04F79EFBC}") = "Wingnut.Console", "Wingnut.Console\Wingnut.Console.csproj", "{A93917BC-0156-4D5B-8897-D15B279ECCFC}"
EndProject
Project("{FAE04EC0-301F-11D3-BF4B-00C04F79EFBC}") = "Wingnut.Data", "Wingnut.Data\Wingnut.Data.csproj", "{1D0D7910-3762-48D5-B446-15903FF289F7}"
EndProject
Project("{FAE04EC0-301F-11D3-BF4B-00C04F79EFBC}") = "Wingnut.UnitTests", "Wingnut.UnitTests\Wingnut.UnitTests.csproj", "{AC892E93-852C-4FC4-913E-89649CF4AE25}"
EndProject
Project("{FAE04EC0-301F-11D3-BF4B-00C04F79EFBC}") = "Wingnut.UI", "Wingnut.UI\Wingnut.UI.csproj", "{319501E1-6B1C-4AE7-9279-963F7209F576}"
EndProject
Project("{FAE04EC0-301F-11D3-BF4B-00C04F79EFBC}") = "Wingnut.Service", "Wingnut.Service\Wingnut.Service.csproj", "{03D4BF4A-B580-4A89-B145-BF537D4F94B0}"
EndProject
Project("{930C7802-8A8C-48F9-8165-68863BCCD9DD}") = "Wingnut.Setup", "Wingnut.Setup\Wingnut.Setup.wixproj", "{8CBF7F97-580A-4091-A016-BE879457CF24}"
	ProjectSection(ProjectDependencies) = postProject
		{F1821A0D-B3E4-4515-B5E9-9EC063644BB5} = {F1821A0D-B3E4-4515-B5E9-9EC063644BB5}
		{1D0D7910-3762-48D5-B446-15903FF289F7} = {1D0D7910-3762-48D5-B446-15903FF289F7}
		{91AE0118-1692-4A7C-90BF-53B27F91AA38} = {91AE0118-1692-4A7C-90BF-53B27F91AA38}
		{774D011F-38B0-4559-A03E-1CD382D718B4} = {774D011F-38B0-4559-A03E-1CD382D718B4}
		{03D4BF4A-B580-4A89-B145-BF537D4F94B0} = {03D4BF4A-B580-4A89-B145-BF537D4F94B0}
		{33869593-3128-4F23-ABD9-899979B62D9E} = {33869593-3128-4F23-ABD9-899979B62D9E}
		{A93917BC-0156-4D5B-8897-D15B279ECCFC} = {A93917BC-0156-4D5B-8897-D15B279ECCFC}
		{319501E1-6B1C-4AE7-9279-963F7209F576} = {319501E1-6B1C-4AE7-9279-963F7209F576}
	EndProjectSection
EndProject
Global
	GlobalSection(SolutionConfigurationPlatforms) = preSolution
		Debug|Any CPU = Debug|Any CPU
		Debug|x86 = Debug|x86
		Release|Any CPU = Release|Any CPU
		Release|x86 = Release|x86
	EndGlobalSection
	GlobalSection(ProjectConfigurationPlatforms) = postSolution
		{33869593-3128-4F23-ABD9-899979B62D9E}.Debug|Any CPU.ActiveCfg = Debug|Any CPU
		{33869593-3128-4F23-ABD9-899979B62D9E}.Debug|Any CPU.Build.0 = Debug|Any CPU
		{33869593-3128-4F23-ABD9-899979B62D9E}.Debug|x86.ActiveCfg = Debug|Any CPU
		{33869593-3128-4F23-ABD9-899979B62D9E}.Debug|x86.Build.0 = Debug|Any CPU
		{33869593-3128-4F23-ABD9-899979B62D9E}.Release|Any CPU.ActiveCfg = Release|Any CPU
		{33869593-3128-4F23-ABD9-899979B62D9E}.Release|Any CPU.Build.0 = Release|Any CPU
		{33869593-3128-4F23-ABD9-899979B62D9E}.Release|x86.ActiveCfg = Release|Any CPU
		{33869593-3128-4F23-ABD9-899979B62D9E}.Release|x86.Build.0 = Release|Any CPU
		{F1821A0D-B3E4-4515-B5E9-9EC063644BB5}.Debug|Any CPU.ActiveCfg = Debug|Any CPU
		{F1821A0D-B3E4-4515-B5E9-9EC063644BB5}.Debug|Any CPU.Build.0 = Debug|Any CPU
		{F1821A0D-B3E4-4515-B5E9-9EC063644BB5}.Debug|x86.ActiveCfg = Debug|Any CPU
		{F1821A0D-B3E4-4515-B5E9-9EC063644BB5}.Debug|x86.Build.0 = Debug|Any CPU
		{F1821A0D-B3E4-4515-B5E9-9EC063644BB5}.Release|Any CPU.ActiveCfg = Release|Any CPU
		{F1821A0D-B3E4-4515-B5E9-9EC063644BB5}.Release|Any CPU.Build.0 = Release|Any CPU
		{F1821A0D-B3E4-4515-B5E9-9EC063644BB5}.Release|x86.ActiveCfg = Release|Any CPU
		{F1821A0D-B3E4-4515-B5E9-9EC063644BB5}.Release|x86.Build.0 = Release|Any CPU
		{774D011F-38B0-4559-A03E-1CD382D718B4}.Debug|Any CPU.ActiveCfg = Debug|Any CPU
		{774D011F-38B0-4559-A03E-1CD382D718B4}.Debug|Any CPU.Build.0 = Debug|Any CPU
		{774D011F-38B0-4559-A03E-1CD382D718B4}.Debug|x86.ActiveCfg = Debug|Any CPU
		{774D011F-38B0-4559-A03E-1CD382D718B4}.Debug|x86.Build.0 = Debug|Any CPU
		{774D011F-38B0-4559-A03E-1CD382D718B4}.Release|Any CPU.ActiveCfg = Release|Any CPU
		{774D011F-38B0-4559-A03E-1CD382D718B4}.Release|Any CPU.Build.0 = Release|Any CPU
		{774D011F-38B0-4559-A03E-1CD382D718B4}.Release|x86.ActiveCfg = Release|Any CPU
		{774D011F-38B0-4559-A03E-1CD382D718B4}.Release|x86.Build.0 = Release|Any CPU
		{91AE0118-1692-4A7C-90BF-53B27F91AA38}.Debug|Any CPU.ActiveCfg = Debug|Any CPU
		{91AE0118-1692-4A7C-90BF-53B27F91AA38}.Debug|Any CPU.Build.0 = Debug|Any CPU
		{91AE0118-1692-4A7C-90BF-53B27F91AA38}.Debug|x86.ActiveCfg = Debug|Any CPU
		{91AE0118-1692-4A7C-90BF-53B27F91AA38}.Debug|x86.Build.0 = Debug|Any CPU
		{91AE0118-1692-4A7C-90BF-53B27F91AA38}.Release|Any CPU.ActiveCfg = Release|Any CPU
		{91AE0118-1692-4A7C-90BF-53B27F91AA38}.Release|Any CPU.Build.0 = Release|Any CPU
		{91AE0118-1692-4A7C-90BF-53B27F91AA38}.Release|x86.ActiveCfg = Release|Any CPU
		{91AE0118-1692-4A7C-90BF-53B27F91AA38}.Release|x86.Build.0 = Release|Any CPU
		{A93917BC-0156-4D5B-8897-D15B279ECCFC}.Debug|Any CPU.ActiveCfg = Debug|Any CPU
		{A93917BC-0156-4D5B-8897-D15B279ECCFC}.Debug|Any CPU.Build.0 = Debug|Any CPU
		{A93917BC-0156-4D5B-8897-D15B279ECCFC}.Debug|x86.ActiveCfg = Debug|Any CPU
		{A93917BC-0156-4D5B-8897-D15B279ECCFC}.Debug|x86.Build.0 = Debug|Any CPU
		{A93917BC-0156-4D5B-8897-D15B279ECCFC}.Release|Any CPU.ActiveCfg = Release|Any CPU
		{A93917BC-0156-4D5B-8897-D15B279ECCFC}.Release|Any CPU.Build.0 = Release|Any CPU
		{A93917BC-0156-4D5B-8897-D15B279ECCFC}.Release|x86.ActiveCfg = Release|Any CPU
		{A93917BC-0156-4D5B-8897-D15B279ECCFC}.Release|x86.Build.0 = Release|Any CPU
		{1D0D7910-3762-48D5-B446-15903FF289F7}.Debug|Any CPU.ActiveCfg = Debug|Any CPU
		{1D0D7910-3762-48D5-B446-15903FF289F7}.Debug|Any CPU.Build.0 = Debug|Any CPU
		{1D0D7910-3762-48D5-B446-15903FF289F7}.Debug|x86.ActiveCfg = Debug|Any CPU
		{1D0D7910-3762-48D5-B446-15903FF289F7}.Debug|x86.Build.0 = Debug|Any CPU
		{1D0D7910-3762-48D5-B446-15903FF289F7}.Release|Any CPU.ActiveCfg = Release|Any CPU
		{1D0D7910-3762-48D5-B446-15903FF289F7}.Release|Any CPU.Build.0 = Release|Any CPU
		{1D0D7910-3762-48D5-B446-15903FF289F7}.Release|x86.ActiveCfg = Release|Any CPU
		{1D0D7910-3762-48D5-B446-15903FF289F7}.Release|x86.Build.0 = Release|Any CPU
		{AC892E93-852C-4FC4-913E-89649CF4AE25}.Debug|Any CPU.ActiveCfg = Debug|Any CPU
		{AC892E93-852C-4FC4-913E-89649CF4AE25}.Debug|Any CPU.Build.0 = Debug|Any CPU
		{AC892E93-852C-4FC4-913E-89649CF4AE25}.Debug|x86.ActiveCfg = Debug|Any CPU
		{AC892E93-852C-4FC4-913E-89649CF4AE25}.Debug|x86.Build.0 = Debug|Any CPU
		{AC892E93-852C-4FC4-913E-89649CF4AE25}.Release|Any CPU.ActiveCfg = Release|Any CPU
		{AC892E93-852C-4FC4-913E-89649CF4AE25}.Release|Any CPU.Build.0 = Release|Any CPU
		{AC892E93-852C-4FC4-913E-89649CF4AE25}.Release|x86.ActiveCfg = Release|Any CPU
		{AC892E93-852C-4FC4-913E-89649CF4AE25}.Release|x86.Build.0 = Release|Any CPU
		{319501E1-6B1C-4AE7-9279-963F7209F576}.Debug|Any CPU.ActiveCfg = Debug|Any CPU
		{319501E1-6B1C-4AE7-9279-963F7209F576}.Debug|Any CPU.Build.0 = Debug|Any CPU
		{319501E1-6B1C-4AE7-9279-963F7209F576}.Debug|x86.ActiveCfg = Debug|Any CPU
		{319501E1-6B1C-4AE7-9279-963F7209F576}.Debug|x86.Build.0 = Debug|Any CPU
		{319501E1-6B1C-4AE7-9279-963F7209F576}.Release|Any CPU.ActiveCfg = Release|Any CPU
		{319501E1-6B1C-4AE7-9279-963F7209F576}.Release|Any CPU.Build.0 = Release|Any CPU
		{319501E1-6B1C-4AE7-9279-963F7209F576}.Release|x86.ActiveCfg = Release|Any CPU
		{319501E1-6B1C-4AE7-9279-963F7209F576}.Release|x86.Build.0 = Release|Any CPU
		{03D4BF4A-B580-4A89-B145-BF537D4F94B0}.Debug|Any CPU.ActiveCfg = Debug|Any CPU
		{03D4BF4A-B580-4A89-B145-BF537D4F94B0}.Debug|Any CPU.Build.0 = Debug|Any CPU
		{03D4BF4A-B580-4A89-B145-BF537D4F94B0}.Debug|x86.ActiveCfg = Debug|Any CPU
		{03D4BF4A-B580-4A89-B145-BF537D4F94B0}.Debug|x86.Build.0 = Debug|Any CPU
		{03D4BF4A-B580-4A89-B145-BF537D4F94B0}.Release|Any CPU.ActiveCfg = Release|Any CPU
		{03D4BF4A-B580-4A89-B145-BF537D4F94B0}.Release|Any CPU.Build.0 = Release|Any CPU
		{03D4BF4A-B580-4A89-B145-BF537D4F94B0}.Release|x86.ActiveCfg = Release|Any CPU
		{03D4BF4A-B580-4A89-B145-BF537D4F94B0}.Release|x86.Build.0 = Release|Any CPU
		{8CBF7F97-580A-4091-A016-BE879457CF24}.Debug|Any CPU.ActiveCfg = Debug|x86
		{8CBF7F97-580A-4091-A016-BE879457CF24}.Debug|x86.ActiveCfg = Debug|x86
		{8CBF7F97-580A-4091-A016-BE879457CF24}.Release|Any CPU.ActiveCfg = Release|x86
		{8CBF7F97-580A-4091-A016-BE879457CF24}.Release|x86.ActiveCfg = Release|x86
		{8CBF7F97-580A-4091-A016-BE879457CF24}.Release|x86.Build.0 = Release|x86
	EndGlobalSection
	GlobalSection(SolutionProperties) = preSolution
		HideSolutionNode = FALSE
	EndGlobalSection
	GlobalSection(ExtensibilityGlobals) = postSolution
		SolutionGuid = {69701C79-025B-46AA-9246-646133993C99}
	EndGlobalSection
EndGlobal
